
Microsoft Visual Studio Solution File, Format Version 12.00
# Visual Studio 15
VisualStudioVersion = 15.0.28307.1340
MinimumVisualStudioVersion = 10.0.40219.1
Project("{8BC9CEB8-8B4A-11D0-8D11-00A0C91BC942}") = "1-21", "1-21\1-21.vcxproj", "{6AD66C37-9E86-463E-B055-DD1D46D8D53A}"
EndProject
Global
	GlobalSection(SolutionConfigurationPlatforms) = preSolution
		Debug|x64 = Debug|x64
		Debug|x86 = Debug|x86
		Release|x64 = Release|x64
		Release|x86 = Release|x86
	EndGlobalSection
	GlobalSection(ProjectConfigurationPlatforms) = postSolution
		{6AD66C37-9E86-463E-B055-DD1D46D8D53A}.Debug|x64.ActiveCfg = Debug|x64
		{6AD66C37-9E86-463E-B055-DD1D46D8D53A}.Debug|x64.Build.0 = Debug|x64
		{6AD66C37-9E86-463E-B055-DD1D46D8D53A}.Debug|x86.ActiveCfg = Debug|Win32
		{6AD66C37-9E86-463E-B055-DD1D46D8D53A}.Debug|x86.Build.0 = Debug|Win32
		{6AD66C37-9E86-463E-B055-DD1D46D8D53A}.Release|x64.ActiveCfg = Release|x64
		{6AD66C37-9E86-463E-B055-DD1D46D8D53A}.Release|x64.Build.0 = Release|x64
		{6AD66C37-9E86-463E-B055-DD1D46D8D53A}.Release|x86.ActiveCfg = Release|Win32
		{6AD66C37-9E86-463E-B055-DD1D46D8D53A}.Release|x86.Build.0 = Release|Win32
	EndGlobalSection
	GlobalSection(SolutionProperties) = preSolution
		HideSolutionNode = FALSE
	EndGlobalSection
	GlobalSection(ExtensibilityGlobals) = postSolution
		SolutionGuid = {FA6B56D3-A2AD-45DC-B79C-0B5C85EE10A0}
	EndGlobalSection
EndGlobal
